# generated by rye
# use `rye lock` or `rye sync` to update this lockfile
#
# last locked with the following flags:
#   pre: false
#   features: []
#   all-features: false
#   with-sources: false

-e file:.
aiohttp==3.9.5
    # via discord-py
    # via instructor
aiosignal==1.3.1
    # via aiohttp
annotated-types==0.6.0
    # via pydantic
anyio==4.3.0
    # via groq
    # via httpx
    # via jupyter-server
    # via litestar
    # via openai
    # via watchfiles
appnope==0.1.4
    # via ipykernel
argon2-cffi==23.1.0
    # via jupyter-server
argon2-cffi-bindings==21.2.0
    # via argon2-cffi
arrow==1.3.0
    # via isoduration
asttokens==2.4.1
    # via stack-data
async-lru==2.0.4
    # via jupyterlab
attrs==23.2.0
    # via aiohttp
    # via jsonschema
    # via referencing
babel==2.15.0
    # via jupyterlab-server
beautifulsoup4==4.12.3
    # via nbconvert
bleach==6.1.0
    # via nbconvert
brotli==1.1.0
    # via litestar
certifi==2024.2.2
    # via httpcore
    # via httpx
    # via requests
cffi==1.16.0
    # via argon2-cffi-bindings
    # via cryptography
charset-normalizer==3.3.2
    # via requests
click==8.1.7
    # via granian
    # via litestar
    # via rich-click
    # via typer
    # via uvicorn
comm==0.2.2
    # via ipykernel
cryptography==42.0.7
    # via litestar
debugpy==1.8.1
    # via ipykernel
decorator==5.1.1
    # via ipython
defusedxml==0.7.1
    # via nbconvert
discord-py==2.3.2
    # via enhanced-discord-bot-llms
distro==1.9.0
    # via groq
    # via openai
docstring-parser==0.16
    # via instructor
editorconfig==0.12.4
    # via jsbeautifier
executing==2.0.1
    # via stack-data
faker==25.2.0
    # via polyfactory
fast-query-parsers==1.0.3
    # via litestar
fastjsonschema==2.19.1
    # via nbformat
fqdn==1.5.1
    # via jsonschema
frozenlist==1.4.1
    # via aiohttp
    # via aiosignal
granian==1.3.1
    # via enhanced-discord-bot-llms
groq==0.6.0
    # via enhanced-discord-bot-llms
h11==0.14.0
    # via httpcore
    # via uvicorn
httpcore==1.0.5
    # via httpx
httptools==0.6.1
    # via uvicorn
httpx==0.27.0
    # via groq
    # via jupyterlab
    # via litestar
    # via openai
idna==3.7
    # via anyio
    # via httpx
    # via jsonschema
    # via requests
    # via yarl
iniconfig==2.0.0
    # via pytest
instructor==1.2.6
    # via enhanced-discord-bot-llms
ipykernel==6.29.4
    # via jupyterlab
ipython==8.24.0
    # via ipykernel
isoduration==20.11.0
    # via jsonschema
isort==5.13.2
jedi==0.19.1
    # via ipython
jinja2==3.1.4
    # via jupyter-server
    # via jupyterlab
    # via jupyterlab-server
    # via litestar
    # via nbconvert
jsbeautifier==1.15.1
    # via litestar
json5==0.9.25
    # via jupyterlab-server
jsonpointer==2.4
    # via jsonschema
jsonschema==4.22.0
    # via jupyter-events
    # via jupyterlab-server
    # via nbformat
jsonschema-specifications==2023.12.1
    # via jsonschema
jupyter-client==8.6.1
    # via ipykernel
    # via jupyter-server
    # via nbclient
jupyter-core==5.7.2
    # via ipykernel
    # via jupyter-client
    # via jupyter-server
    # via jupyterlab
    # via nbclient
    # via nbconvert
    # via nbformat
jupyter-events==0.10.0
    # via jupyter-server
jupyter-lsp==2.2.5
    # via jupyterlab
jupyter-server==2.14.0
    # via jupyter-lsp
    # via jupyterlab
    # via jupyterlab-server
    # via notebook-shim
jupyter-server-terminals==0.5.3
    # via jupyter-server
jupyterlab==4.2.0
jupyterlab-pygments==0.3.0
    # via nbconvert
jupyterlab-server==2.27.1
    # via jupyterlab
litestar==2.8.3
    # via enhanced-discord-bot-llms
markdown-it-py==3.0.0
    # via rich
markupsafe==2.1.5
    # via jinja2
    # via nbconvert
matplotlib-inline==0.1.7
    # via ipykernel
    # via ipython
mdurl==0.1.2
    # via markdown-it-py
minijinja==2.0.1
    # via litestar
mistune==3.0.2
    # via nbconvert
msgspec==0.18.6
    # via litestar
multidict==6.0.5
    # via aiohttp
    # via litestar
    # via yarl
mypy==1.10.0
mypy-extensions==1.0.0
    # via mypy
nbclient==0.10.0
    # via nbconvert
nbconvert==7.16.4
    # via jupyter-server
nbformat==5.10.4
    # via jupyter-server
    # via nbclient
    # via nbconvert
nest-asyncio==1.6.0
    # via ipykernel
notebook-shim==0.2.4
    # via jupyterlab
openai==1.30.1
    # via enhanced-discord-bot-llms
    # via instructor
overrides==7.7.0
    # via jupyter-server
packaging==23.2
    # via ipykernel
    # via jupyter-server
    # via jupyterlab
    # via jupyterlab-server
    # via nbconvert
    # via pytest
pandocfilters==1.5.1
    # via nbconvert
parso==0.8.4
    # via jedi
pexpect==4.9.0
    # via ipython
platformdirs==4.2.2
    # via jupyter-core
pluggy==1.5.0
    # via pytest
polyfactory==2.16.0
    # via litestar
prometheus-client==0.20.0
    # via jupyter-server
prompt-toolkit==3.0.43
    # via ipython
psutil==5.9.8
    # via ipykernel
ptyprocess==0.7.0
    # via pexpect
    # via terminado
pure-eval==0.2.2
    # via stack-data
pycparser==2.22
    # via cffi
pydantic==2.7.1
    # via groq
    # via instructor
    # via openai
pydantic-core==2.18.2
    # via instructor
    # via pydantic
pygments==2.18.0
    # via ipython
    # via nbconvert
    # via rich
pytest==8.2.0
python-dateutil==2.9.0.post0
    # via arrow
    # via faker
    # via jupyter-client
python-dotenv==1.0.1
    # via uvicorn
python-json-logger==2.0.7
    # via jupyter-events
pyyaml==6.0.1
    # via jupyter-events
    # via litestar
    # via uvicorn
pyzmq==26.0.3
    # via ipykernel
    # via jupyter-client
    # via jupyter-server
referencing==0.35.1
    # via jsonschema
    # via jsonschema-specifications
    # via jupyter-events
requests==2.31.0
    # via jupyterlab-server
rfc3339-validator==0.1.4
    # via jsonschema
    # via jupyter-events
rfc3986-validator==0.1.1
    # via jsonschema
    # via jupyter-events
rich==13.7.1
    # via instructor
    # via litestar
    # via rich-click
    # via typer
rich-click==1.8.2
    # via litestar
rpds-py==0.18.1
    # via jsonschema
    # via referencing
ruff==0.4.4
send2trash==1.8.3
    # via jupyter-server
setproctitle==1.3.3
    # via granian
shellingham==1.5.4
    # via typer
six==1.16.0
    # via asttokens
    # via bleach
    # via jsbeautifier
    # via python-dateutil
    # via rfc3339-validator
sniffio==1.3.1
    # via anyio
    # via groq
    # via httpx
    # via openai
soupsieve==2.5
    # via beautifulsoup4
stack-data==0.6.3
    # via ipython
tenacity==8.3.0
    # via instructor
terminado==0.18.1
    # via jupyter-server
    # via jupyter-server-terminals
tinycss2==1.3.0
    # via nbconvert
tornado==6.4
    # via ipykernel
    # via jupyter-client
    # via jupyter-server
    # via jupyterlab
    # via terminado
tqdm==4.66.4
    # via openai
traitlets==5.14.3
    # via comm
    # via ipykernel
    # via ipython
    # via jupyter-client
    # via jupyter-core
    # via jupyter-events
    # via jupyter-server
    # via jupyterlab
    # via matplotlib-inline
    # via nbclient
    # via nbconvert
    # via nbformat
typer==0.12.3
    # via instructor
types-python-dateutil==2.9.0.20240316
    # via arrow
typing-extensions==4.11.0
    # via groq
    # via litestar
    # via mypy
    # via openai
    # via polyfactory
    # via pydantic
    # via pydantic-core
    # via rich-click
    # via typer
uri-template==1.3.0
    # via jsonschema
urllib3==2.2.1
    # via requests
uvicorn==0.29.0
    # via litestar
uvloop==0.18.0
    # via granian
    # via litestar
    # via uvicorn
watchfiles==0.21.0
    # via granian
    # via uvicorn
wcwidth==0.2.13
    # via prompt-toolkit
webcolors==1.13
    # via jsonschema
webencodings==0.5.1
    # via bleach
    # via tinycss2
websocket-client==1.8.0
    # via jupyter-server
websockets==12.0
    # via uvicorn
yarl==1.9.4
    # via aiohttp
